
Microsoft Visual Studio Solution File, Format Version 12.00
# Visual Studio Version 16
VisualStudioVersion = 16.0.31829.152
MinimumVisualStudioVersion = 10.0.40219.1
Project("{FAE04EC0-301F-11D3-BF4B-00C04F79EFBC}") = "AttRoute", "AttRoute\AttRoute.csproj", "{97D38DF8-ECC0-41E7-A54A-A63D492857FB}"
EndProject
Global
	GlobalSection(SolutionConfigurationPlatforms) = preSolution
		Debug|Any CPU = Debug|Any CPU
		Release|Any CPU = Release|Any CPU
	EndGlobalSection
	GlobalSection(ProjectConfigurationPlatforms) = postSolution
		{97D38DF8-ECC0-41E7-A54A-A63D492857FB}.Debug|Any CPU.ActiveCfg = Debug|Any CPU
		{97D38DF8-ECC0-41E7-A54A-A63D492857FB}.Debug|Any CPU.Build.0 = Debug|Any CPU
		{97D38DF8-ECC0-41E7-A54A-A63D492857FB}.Release|Any CPU.ActiveCfg = Release|Any CPU
		{97D38DF8-ECC0-41E7-A54A-A63D492857FB}.Release|Any CPU.Build.0 = Release|Any CPU
	EndGlobalSection
	GlobalSection(SolutionProperties) = preSolution
		HideSolutionNode = FALSE
	EndGlobalSection
	GlobalSection(ExtensibilityGlobals) = postSolution
		SolutionGuid = {6A370D5F-E50E-499F-B68C-D2D9A861D05C}
	EndGlobalSection
EndGlobal
