
Microsoft Visual Studio Solution File, Format Version 12.00
# Visual Studio Version 16
VisualStudioVersion = 16.0.31829.152
MinimumVisualStudioVersion = 10.0.40219.1
Project("{FAE04EC0-301F-11D3-BF4B-00C04F79EFBC}") = "EF_CodeFisrt_01", "EF_CodeFisrt_01\EF_CodeFisrt_01.csproj", "{314EA4D2-3879-4ECA-A191-8ACD220838AD}"
EndProject
Global
	GlobalSection(SolutionConfigurationPlatforms) = preSolution
		Debug|Any CPU = Debug|Any CPU
		Release|Any CPU = Release|Any CPU
	EndGlobalSection
	GlobalSection(ProjectConfigurationPlatforms) = postSolution
		{314EA4D2-3879-4ECA-A191-8ACD220838AD}.Debug|Any CPU.ActiveCfg = Debug|Any CPU
		{314EA4D2-3879-4ECA-A191-8ACD220838AD}.Debug|Any CPU.Build.0 = Debug|Any CPU
		{314EA4D2-3879-4ECA-A191-8ACD220838AD}.Release|Any CPU.ActiveCfg = Release|Any CPU
		{314EA4D2-3879-4ECA-A191-8ACD220838AD}.Release|Any CPU.Build.0 = Release|Any CPU
	EndGlobalSection
	GlobalSection(SolutionProperties) = preSolution
		HideSolutionNode = FALSE
	EndGlobalSection
	GlobalSection(ExtensibilityGlobals) = postSolution
		SolutionGuid = {E6B8DF3E-19F1-4C57-9A50-76FAE275DE85}
	EndGlobalSection
EndGlobal
