
Microsoft Visual Studio Solution File, Format Version 12.00
# Visual Studio Version 16
VisualStudioVersion = 16.0.31829.152
MinimumVisualStudioVersion = 10.0.40219.1
Project("{FAE04EC0-301F-11D3-BF4B-00C04F79EFBC}") = "API01", "API01\API01.csproj", "{3EC3C3F5-8B07-45FF-BE09-91C6EA00BB60}"
EndProject
Global
	GlobalSection(SolutionConfigurationPlatforms) = preSolution
		Debug|Any CPU = Debug|Any CPU
		Release|Any CPU = Release|Any CPU
	EndGlobalSection
	GlobalSection(ProjectConfigurationPlatforms) = postSolution
		{3EC3C3F5-8B07-45FF-BE09-91C6EA00BB60}.Debug|Any CPU.ActiveCfg = Debug|Any CPU
		{3EC3C3F5-8B07-45FF-BE09-91C6EA00BB60}.Debug|Any CPU.Build.0 = Debug|Any CPU
		{3EC3C3F5-8B07-45FF-BE09-91C6EA00BB60}.Release|Any CPU.ActiveCfg = Release|Any CPU
		{3EC3C3F5-8B07-45FF-BE09-91C6EA00BB60}.Release|Any CPU.Build.0 = Release|Any CPU
	EndGlobalSection
	GlobalSection(SolutionProperties) = preSolution
		HideSolutionNode = FALSE
	EndGlobalSection
	GlobalSection(ExtensibilityGlobals) = postSolution
		SolutionGuid = {CE192DB0-B95D-4B50-97A3-4E7201808813}
	EndGlobalSection
EndGlobal
